
Microsoft Visual Studio Solution File, Format Version 12.00
# Visual Studio Version 17
VisualStudioVersion = 17.14.36717.8
MinimumVisualStudioVersion = 10.0.40219.1
Project("{FAE04EC0-301F-11D3-BF4B-00C04F79EFBC}") = "ControleEstoque.API", "ControleEstoque.API\ControleEstoque.API.csproj", "{99384E6F-762B-4711-9AD7-5C815740918A}"
EndProject
Global
	GlobalSection(SolutionConfigurationPlatforms) = preSolution
		Debug|Any CPU = Debug|Any CPU
		Release|Any CPU = Release|Any CPU
	EndGlobalSection
	GlobalSection(ProjectConfigurationPlatforms) = postSolution
		{99384E6F-762B-4711-9AD7-5C815740918A}.Debug|Any CPU.ActiveCfg = Debug|Any CPU
		{99384E6F-762B-4711-9AD7-5C815740918A}.Debug|Any CPU.Build.0 = Debug|Any CPU
		{99384E6F-762B-4711-9AD7-5C815740918A}.Release|Any CPU.ActiveCfg = Release|Any CPU
		{99384E6F-762B-4711-9AD7-5C815740918A}.Release|Any CPU.Build.0 = Release|Any CPU
	EndGlobalSection
	GlobalSection(SolutionProperties) = preSolution
		HideSolutionNode = FALSE
	EndGlobalSection
	GlobalSection(ExtensibilityGlobals) = postSolution
		SolutionGuid = {E7A04835-10BB-4504-8B2F-29803E4E7E87}
	EndGlobalSection
EndGlobal
